
Microsoft Visual Studio Solution File, Format Version 10.00
# Visual Studio 2008
Project("{8BC9CEB8-8B4A-11D0-8D11-00A0C91BC942}") = "MortRunnerSP", "MortScriptSP.vcproj", "{B252EDFA-88B6-47C6-9D3B-A51AC36163D3}"
EndProject
Project("{8BC9CEB8-8B4A-11D0-8D11-00A0C91BC942}") = "Types", "..\MortTools\Types\Types.vcproj", "{10816553-31F1-4EA9-BBA7-6D6D8EE13B3C}"
EndProject
Global
	GlobalSection(SolutionConfigurationPlatforms) = preSolution
		Debug PNA|Pocket PC 2003 (ARMV4) = Debug PNA|Pocket PC 2003 (ARMV4)
		Debug PNA|Smartphone 2003 (ARMV4) = Debug PNA|Smartphone 2003 (ARMV4)
		Debug PNA|Windows Mobile 5.0 Pocket PC SDK (ARMV4I) = Debug PNA|Windows Mobile 5.0 Pocket PC SDK (ARMV4I)
		Debug PNA|Windows Mobile 5.0 Smartphone SDK (ARMV4I) = Debug PNA|Windows Mobile 5.0 Smartphone SDK (ARMV4I)
		Debug|Pocket PC 2003 (ARMV4) = Debug|Pocket PC 2003 (ARMV4)
		Debug|Smartphone 2003 (ARMV4) = Debug|Smartphone 2003 (ARMV4)
		Debug|Windows Mobile 5.0 Pocket PC SDK (ARMV4I) = Debug|Windows Mobile 5.0 Pocket PC SDK (ARMV4I)
		Debug|Windows Mobile 5.0 Smartphone SDK (ARMV4I) = Debug|Windows Mobile 5.0 Smartphone SDK (ARMV4I)
		Release PNA|Pocket PC 2003 (ARMV4) = Release PNA|Pocket PC 2003 (ARMV4)
		Release PNA|Smartphone 2003 (ARMV4) = Release PNA|Smartphone 2003 (ARMV4)
		Release PNA|Windows Mobile 5.0 Pocket PC SDK (ARMV4I) = Release PNA|Windows Mobile 5.0 Pocket PC SDK (ARMV4I)
		Release PNA|Windows Mobile 5.0 Smartphone SDK (ARMV4I) = Release PNA|Windows Mobile 5.0 Smartphone SDK (ARMV4I)
		Release SP jwz|Pocket PC 2003 (ARMV4) = Release SP jwz|Pocket PC 2003 (ARMV4)
		Release SP jwz|Smartphone 2003 (ARMV4) = Release SP jwz|Smartphone 2003 (ARMV4)
		Release SP jwz|Windows Mobile 5.0 Pocket PC SDK (ARMV4I) = Release SP jwz|Windows Mobile 5.0 Pocket PC SDK (ARMV4I)
		Release SP jwz|Windows Mobile 5.0 Smartphone SDK (ARMV4I) = Release SP jwz|Windows Mobile 5.0 Smartphone SDK (ARMV4I)
		Release SP|Pocket PC 2003 (ARMV4) = Release SP|Pocket PC 2003 (ARMV4)
		Release SP|Smartphone 2003 (ARMV4) = Release SP|Smartphone 2003 (ARMV4)
		Release SP|Windows Mobile 5.0 Pocket PC SDK (ARMV4I) = Release SP|Windows Mobile 5.0 Pocket PC SDK (ARMV4I)
		Release SP|Windows Mobile 5.0 Smartphone SDK (ARMV4I) = Release SP|Windows Mobile 5.0 Smartphone SDK (ARMV4I)
		Release|Pocket PC 2003 (ARMV4) = Release|Pocket PC 2003 (ARMV4)
		Release|Smartphone 2003 (ARMV4) = Release|Smartphone 2003 (ARMV4)
		Release|Windows Mobile 5.0 Pocket PC SDK (ARMV4I) = Release|Windows Mobile 5.0 Pocket PC SDK (ARMV4I)
		Release|Windows Mobile 5.0 Smartphone SDK (ARMV4I) = Release|Windows Mobile 5.0 Smartphone SDK (ARMV4I)
	EndGlobalSection
	GlobalSection(ProjectConfigurationPlatforms) = postSolution
		{B252EDFA-88B6-47C6-9D3B-A51AC36163D3}.Debug PNA|Pocket PC 2003 (ARMV4).ActiveCfg = Debug PNA|Pocket PC 2003 (ARMV4)
		{B252EDFA-88B6-47C6-9D3B-A51AC36163D3}.Debug PNA|Pocket PC 2003 (ARMV4).Build.0 = Debug PNA|Pocket PC 2003 (ARMV4)
		{B252EDFA-88B6-47C6-9D3B-A51AC36163D3}.Debug PNA|Pocket PC 2003 (ARMV4).Deploy.0 = Debug PNA|Pocket PC 2003 (ARMV4)
		{B252EDFA-88B6-47C6-9D3B-A51AC36163D3}.Debug PNA|Smartphone 2003 (ARMV4).ActiveCfg = Debug PNA|Smartphone 2003 (ARMV4)
		{B252EDFA-88B6-47C6-9D3B-A51AC36163D3}.Debug PNA|Smartphone 2003 (ARMV4).Build.0 = Debug PNA|Smartphone 2003 (ARMV4)
		{B252EDFA-88B6-47C6-9D3B-A51AC36163D3}.Debug PNA|Smartphone 2003 (ARMV4).Deploy.0 = Debug PNA|Smartphone 2003 (ARMV4)
		{B252EDFA-88B6-47C6-9D3B-A51AC36163D3}.Debug PNA|Windows Mobile 5.0 Pocket PC SDK (ARMV4I).ActiveCfg = Debug PNA|Windows Mobile 5.0 Pocket PC SDK (ARMV4I)
		{B252EDFA-88B6-47C6-9D3B-A51AC36163D3}.Debug PNA|Windows Mobile 5.0 Pocket PC SDK (ARMV4I).Build.0 = Debug PNA|Windows Mobile 5.0 Pocket PC SDK (ARMV4I)
		{B252EDFA-88B6-47C6-9D3B-A51AC36163D3}.Debug PNA|Windows Mobile 5.0 Pocket PC SDK (ARMV4I).Deploy.0 = Debug PNA|Windows Mobile 5.0 Pocket PC SDK (ARMV4I)
		{B252EDFA-88B6-47C6-9D3B-A51AC36163D3}.Debug PNA|Windows Mobile 5.0 Smartphone SDK (ARMV4I).ActiveCfg = Debug PNA|Windows Mobile 5.0 Smartphone SDK (ARMV4I)
		{B252EDFA-88B6-47C6-9D3B-A51AC36163D3}.Debug PNA|Windows Mobile 5.0 Smartphone SDK (ARMV4I).Build.0 = Debug PNA|Windows Mobile 5.0 Smartphone SDK (ARMV4I)
		{B252EDFA-88B6-47C6-9D3B-A51AC36163D3}.Debug PNA|Windows Mobile 5.0 Smartphone SDK (ARMV4I).Deploy.0 = Debug PNA|Windows Mobile 5.0 Smartphone SDK (ARMV4I)
		{B252EDFA-88B6-47C6-9D3B-A51AC36163D3}.Debug|Pocket PC 2003 (ARMV4).ActiveCfg = Debug|Pocket PC 2003 (ARMV4)
		{B252EDFA-88B6-47C6-9D3B-A51AC36163D3}.Debug|Pocket PC 2003 (ARMV4).Build.0 = Debug|Pocket PC 2003 (ARMV4)
		{B252EDFA-88B6-47C6-9D3B-A51AC36163D3}.Debug|Pocket PC 2003 (ARMV4).Deploy.0 = Debug|Pocket PC 2003 (ARMV4)
		{B252EDFA-88B6-47C6-9D3B-A51AC36163D3}.Debug|Smartphone 2003 (ARMV4).ActiveCfg = Debug|Smartphone 2003 (ARMV4)
		{B252EDFA-88B6-47C6-9D3B-A51AC36163D3}.Debug|Smartphone 2003 (ARMV4).Build.0 = Debug|Smartphone 2003 (ARMV4)
		{B252EDFA-88B6-47C6-9D3B-A51AC36163D3}.Debug|Smartphone 2003 (ARMV4).Deploy.0 = Debug|Smartphone 2003 (ARMV4)
		{B252EDFA-88B6-47C6-9D3B-A51AC36163D3}.Debug|Windows Mobile 5.0 Pocket PC SDK (ARMV4I).ActiveCfg = Debug|Windows Mobile 5.0 Pocket PC SDK (ARMV4I)
		{B252EDFA-88B6-47C6-9D3B-A51AC36163D3}.Debug|Windows Mobile 5.0 Pocket PC SDK (ARMV4I).Build.0 = Debug|Windows Mobile 5.0 Pocket PC SDK (ARMV4I)
		{B252EDFA-88B6-47C6-9D3B-A51AC36163D3}.Debug|Windows Mobile 5.0 Pocket PC SDK (ARMV4I).Deploy.0 = Debug|Windows Mobile 5.0 Pocket PC SDK (ARMV4I)
		{B252EDFA-88B6-47C6-9D3B-A51AC36163D3}.Debug|Windows Mobile 5.0 Smartphone SDK (ARMV4I).ActiveCfg = Debug|Windows Mobile 5.0 Smartphone SDK (ARMV4I)
		{B252EDFA-88B6-47C6-9D3B-A51AC36163D3}.Debug|Windows Mobile 5.0 Smartphone SDK (ARMV4I).Build.0 = Debug|Windows Mobile 5.0 Smartphone SDK (ARMV4I)
		{B252EDFA-88B6-47C6-9D3B-A51AC36163D3}.Debug|Windows Mobile 5.0 Smartphone SDK (ARMV4I).Deploy.0 = Debug|Windows Mobile 5.0 Smartphone SDK (ARMV4I)
		{B252EDFA-88B6-47C6-9D3B-A51AC36163D3}.Release PNA|Pocket PC 2003 (ARMV4).ActiveCfg = Release PNA|Pocket PC 2003 (ARMV4)
		{B252EDFA-88B6-47C6-9D3B-A51AC36163D3}.Release PNA|Pocket PC 2003 (ARMV4).Build.0 = Release PNA|Pocket PC 2003 (ARMV4)
		{B252EDFA-88B6-47C6-9D3B-A51AC36163D3}.Release PNA|Pocket PC 2003 (ARMV4).Deploy.0 = Release PNA|Pocket PC 2003 (ARMV4)
		{B252EDFA-88B6-47C6-9D3B-A51AC36163D3}.Release PNA|Smartphone 2003 (ARMV4).ActiveCfg = Release PNA|Smartphone 2003 (ARMV4)
		{B252EDFA-88B6-47C6-9D3B-A51AC36163D3}.Release PNA|Smartphone 2003 (ARMV4).Build.0 = Release PNA|Smartphone 2003 (ARMV4)
		{B252EDFA-88B6-47C6-9D3B-A51AC36163D3}.Release PNA|Smartphone 2003 (ARMV4).Deploy.0 = Release PNA|Smartphone 2003 (ARMV4)
		{B252EDFA-88B6-47C6-9D3B-A51AC36163D3}.Release PNA|Windows Mobile 5.0 Pocket PC SDK (ARMV4I).ActiveCfg = Release PNA|Windows Mobile 5.0 Pocket PC SDK (ARMV4I)
		{B252EDFA-88B6-47C6-9D3B-A51AC36163D3}.Release PNA|Windows Mobile 5.0 Pocket PC SDK (ARMV4I).Build.0 = Release PNA|Windows Mobile 5.0 Pocket PC SDK (ARMV4I)
		{B252EDFA-88B6-47C6-9D3B-A51AC36163D3}.Release PNA|Windows Mobile 5.0 Pocket PC SDK (ARMV4I).Deploy.0 = Release PNA|Windows Mobile 5.0 Pocket PC SDK (ARMV4I)
		{B252EDFA-88B6-47C6-9D3B-A51AC36163D3}.Release PNA|Windows Mobile 5.0 Smartphone SDK (ARMV4I).ActiveCfg = Release PNA|Windows Mobile 5.0 Smartphone SDK (ARMV4I)
		{B252EDFA-88B6-47C6-9D3B-A51AC36163D3}.Release PNA|Windows Mobile 5.0 Smartphone SDK (ARMV4I).Build.0 = Release PNA|Windows Mobile 5.0 Smartphone SDK (ARMV4I)
		{B252EDFA-88B6-47C6-9D3B-A51AC36163D3}.Release PNA|Windows Mobile 5.0 Smartphone SDK (ARMV4I).Deploy.0 = Release PNA|Windows Mobile 5.0 Smartphone SDK (ARMV4I)
		{B252EDFA-88B6-47C6-9D3B-A51AC36163D3}.Release SP jwz|Pocket PC 2003 (ARMV4).ActiveCfg = Release SP jwz|Pocket PC 2003 (ARMV4)
		{B252EDFA-88B6-47C6-9D3B-A51AC36163D3}.Release SP jwz|Pocket PC 2003 (ARMV4).Build.0 = Release SP jwz|Pocket PC 2003 (ARMV4)
		{B252EDFA-88B6-47C6-9D3B-A51AC36163D3}.Release SP jwz|Pocket PC 2003 (ARMV4).Deploy.0 = Release SP jwz|Pocket PC 2003 (ARMV4)
		{B252EDFA-88B6-47C6-9D3B-A51AC36163D3}.Release SP jwz|Smartphone 2003 (ARMV4).ActiveCfg = Release SP jwz|Smartphone 2003 (ARMV4)
		{B252EDFA-88B6-47C6-9D3B-A51AC36163D3}.Release SP jwz|Smartphone 2003 (ARMV4).Build.0 = Release SP jwz|Smartphone 2003 (ARMV4)
		{B252EDFA-88B6-47C6-9D3B-A51AC36163D3}.Release SP jwz|Smartphone 2003 (ARMV4).Deploy.0 = Release SP jwz|Smartphone 2003 (ARMV4)
		{B252EDFA-88B6-47C6-9D3B-A51AC36163D3}.Release SP jwz|Windows Mobile 5.0 Pocket PC SDK (ARMV4I).ActiveCfg = Release SP jwz|Windows Mobile 5.0 Pocket PC SDK (ARMV4I)
		{B252EDFA-88B6-47C6-9D3B-A51AC36163D3}.Release SP jwz|Windows Mobile 5.0 Pocket PC SDK (ARMV4I).Build.0 = Release SP jwz|Windows Mobile 5.0 Pocket PC SDK (ARMV4I)
		{B252EDFA-88B6-47C6-9D3B-A51AC36163D3}.Release SP jwz|Windows Mobile 5.0 Pocket PC SDK (ARMV4I).Deploy.0 = Release SP jwz|Windows Mobile 5.0 Pocket PC SDK (ARMV4I)
		{B252EDFA-88B6-47C6-9D3B-A51AC36163D3}.Release SP jwz|Windows Mobile 5.0 Smartphone SDK (ARMV4I).ActiveCfg = Release SP jwz|Windows Mobile 5.0 Smartphone SDK (ARMV4I)
		{B252EDFA-88B6-47C6-9D3B-A51AC36163D3}.Release SP jwz|Windows Mobile 5.0 Smartphone SDK (ARMV4I).Build.0 = Release SP jwz|Windows Mobile 5.0 Smartphone SDK (ARMV4I)
		{B252EDFA-88B6-47C6-9D3B-A51AC36163D3}.Release SP jwz|Windows Mobile 5.0 Smartphone SDK (ARMV4I).Deploy.0 = Release SP jwz|Windows Mobile 5.0 Smartphone SDK (ARMV4I)
		{B252EDFA-88B6-47C6-9D3B-A51AC36163D3}.Release SP|Pocket PC 2003 (ARMV4).ActiveCfg = Release SP|Pocket PC 2003 (ARMV4)
		{B252EDFA-88B6-47C6-9D3B-A51AC36163D3}.Release SP|Pocket PC 2003 (ARMV4).Build.0 = Release SP|Pocket PC 2003 (ARMV4)
		{B252EDFA-88B6-47C6-9D3B-A51AC36163D3}.Release SP|Pocket PC 2003 (ARMV4).Deploy.0 = Release SP|Pocket PC 2003 (ARMV4)
		{B252EDFA-88B6-47C6-9D3B-A51AC36163D3}.Release SP|Smartphone 2003 (ARMV4).ActiveCfg = Release SP|Smartphone 2003 (ARMV4)
		{B252EDFA-88B6-47C6-9D3B-A51AC36163D3}.Release SP|Smartphone 2003 (ARMV4).Build.0 = Release SP|Smartphone 2003 (ARMV4)
		{B252EDFA-88B6-47C6-9D3B-A51AC36163D3}.Release SP|Smartphone 2003 (ARMV4).Deploy.0 = Release SP|Smartphone 2003 (ARMV4)
		{B252EDFA-88B6-47C6-9D3B-A51AC36163D3}.Release SP|Windows Mobile 5.0 Pocket PC SDK (ARMV4I).ActiveCfg = Release SP|Windows Mobile 5.0 Pocket PC SDK (ARMV4I)
		{B252EDFA-88B6-47C6-9D3B-A51AC36163D3}.Release SP|Windows Mobile 5.0 Pocket PC SDK (ARMV4I).Build.0 = Release SP|Windows Mobile 5.0 Pocket PC SDK (ARMV4I)
		{B252EDFA-88B6-47C6-9D3B-A51AC36163D3}.Release SP|Windows Mobile 5.0 Pocket PC SDK (ARMV4I).Deploy.0 = Release SP|Windows Mobile 5.0 Pocket PC SDK (ARMV4I)
		{B252EDFA-88B6-47C6-9D3B-A51AC36163D3}.Release SP|Windows Mobile 5.0 Smartphone SDK (ARMV4I).ActiveCfg = Release SP|Windows Mobile 5.0 Smartphone SDK (ARMV4I)
		{B252EDFA-88B6-47C6-9D3B-A51AC36163D3}.Release SP|Windows Mobile 5.0 Smartphone SDK (ARMV4I).Build.0 = Release SP|Windows Mobile 5.0 Smartphone SDK (ARMV4I)
		{B252EDFA-88B6-47C6-9D3B-A51AC36163D3}.Release SP|Windows Mobile 5.0 Smartphone SDK (ARMV4I).Deploy.0 = Release SP|Windows Mobile 5.0 Smartphone SDK (ARMV4I)
		{B252EDFA-88B6-47C6-9D3B-A51AC36163D3}.Release|Pocket PC 2003 (ARMV4).ActiveCfg = Release SP jwz|Windows Mobile 5.0 Smartphone SDK (ARMV4I)
		{B252EDFA-88B6-47C6-9D3B-A51AC36163D3}.Release|Smartphone 2003 (ARMV4).ActiveCfg = Release SP jwz|Windows Mobile 5.0 Smartphone SDK (ARMV4I)
		{B252EDFA-88B6-47C6-9D3B-A51AC36163D3}.Release|Windows Mobile 5.0 Pocket PC SDK (ARMV4I).ActiveCfg = Release SP jwz|Windows Mobile 5.0 Smartphone SDK (ARMV4I)
		{B252EDFA-88B6-47C6-9D3B-A51AC36163D3}.Release|Windows Mobile 5.0 Smartphone SDK (ARMV4I).ActiveCfg = Release SP jwz|Windows Mobile 5.0 Smartphone SDK (ARMV4I)
		{B252EDFA-88B6-47C6-9D3B-A51AC36163D3}.Release|Windows Mobile 5.0 Smartphone SDK (ARMV4I).Build.0 = Release SP jwz|Windows Mobile 5.0 Smartphone SDK (ARMV4I)
		{B252EDFA-88B6-47C6-9D3B-A51AC36163D3}.Release|Windows Mobile 5.0 Smartphone SDK (ARMV4I).Deploy.0 = Release SP jwz|Windows Mobile 5.0 Smartphone SDK (ARMV4I)
		{10816553-31F1-4EA9-BBA7-6D6D8EE13B3C}.Debug PNA|Pocket PC 2003 (ARMV4).ActiveCfg = Debug|Windows Mobile 5.0 Smartphone SDK (ARMV4I)
		{10816553-31F1-4EA9-BBA7-6D6D8EE13B3C}.Debug PNA|Smartphone 2003 (ARMV4).ActiveCfg = Debug|Windows Mobile 5.0 Smartphone SDK (ARMV4I)
		{10816553-31F1-4EA9-BBA7-6D6D8EE13B3C}.Debug PNA|Windows Mobile 5.0 Pocket PC SDK (ARMV4I).ActiveCfg = Debug|Windows Mobile 5.0 Smartphone SDK (ARMV4I)
		{10816553-31F1-4EA9-BBA7-6D6D8EE13B3C}.Debug PNA|Windows Mobile 5.0 Smartphone SDK (ARMV4I).ActiveCfg = Debug|Windows Mobile 5.0 Smartphone SDK (ARMV4I)
		{10816553-31F1-4EA9-BBA7-6D6D8EE13B3C}.Debug PNA|Windows Mobile 5.0 Smartphone SDK (ARMV4I).Build.0 = Debug|Windows Mobile 5.0 Smartphone SDK (ARMV4I)
		{10816553-31F1-4EA9-BBA7-6D6D8EE13B3C}.Debug PNA|Windows Mobile 5.0 Smartphone SDK (ARMV4I).Deploy.0 = Debug|Windows Mobile 5.0 Smartphone SDK (ARMV4I)
		{10816553-31F1-4EA9-BBA7-6D6D8EE13B3C}.Debug|Pocket PC 2003 (ARMV4).ActiveCfg = Debug|Pocket PC 2003 (ARMV4)
		{10816553-31F1-4EA9-BBA7-6D6D8EE13B3C}.Debug|Pocket PC 2003 (ARMV4).Build.0 = Debug|Pocket PC 2003 (ARMV4)
		{10816553-31F1-4EA9-BBA7-6D6D8EE13B3C}.Debug|Pocket PC 2003 (ARMV4).Deploy.0 = Debug|Pocket PC 2003 (ARMV4)
		{10816553-31F1-4EA9-BBA7-6D6D8EE13B3C}.Debug|Smartphone 2003 (ARMV4).ActiveCfg = Debug|Smartphone 2003 (ARMV4)
		{10816553-31F1-4EA9-BBA7-6D6D8EE13B3C}.Debug|Smartphone 2003 (ARMV4).Build.0 = Debug|Smartphone 2003 (ARMV4)
		{10816553-31F1-4EA9-BBA7-6D6D8EE13B3C}.Debug|Smartphone 2003 (ARMV4).Deploy.0 = Debug|Smartphone 2003 (ARMV4)
		{10816553-31F1-4EA9-BBA7-6D6D8EE13B3C}.Debug|Windows Mobile 5.0 Pocket PC SDK (ARMV4I).ActiveCfg = Debug|Windows Mobile 5.0 Pocket PC SDK (ARMV4I)
		{10816553-31F1-4EA9-BBA7-6D6D8EE13B3C}.Debug|Windows Mobile 5.0 Pocket PC SDK (ARMV4I).Build.0 = Debug|Windows Mobile 5.0 Pocket PC SDK (ARMV4I)
		{10816553-31F1-4EA9-BBA7-6D6D8EE13B3C}.Debug|Windows Mobile 5.0 Pocket PC SDK (ARMV4I).Deploy.0 = Debug|Windows Mobile 5.0 Pocket PC SDK (ARMV4I)
		{10816553-31F1-4EA9-BBA7-6D6D8EE13B3C}.Debug|Windows Mobile 5.0 Smartphone SDK (ARMV4I).ActiveCfg = Debug|Windows Mobile 5.0 Smartphone SDK (ARMV4I)
		{10816553-31F1-4EA9-BBA7-6D6D8EE13B3C}.Debug|Windows Mobile 5.0 Smartphone SDK (ARMV4I).Build.0 = Debug|Windows Mobile 5.0 Smartphone SDK (ARMV4I)
		{10816553-31F1-4EA9-BBA7-6D6D8EE13B3C}.Debug|Windows Mobile 5.0 Smartphone SDK (ARMV4I).Deploy.0 = Debug|Windows Mobile 5.0 Smartphone SDK (ARMV4I)
		{10816553-31F1-4EA9-BBA7-6D6D8EE13B3C}.Release PNA|Pocket PC 2003 (ARMV4).ActiveCfg = Release SP|Windows Mobile 5.0 Smartphone SDK (ARMV4I)
		{10816553-31F1-4EA9-BBA7-6D6D8EE13B3C}.Release PNA|Smartphone 2003 (ARMV4).ActiveCfg = Release SP|Windows Mobile 5.0 Smartphone SDK (ARMV4I)
		{10816553-31F1-4EA9-BBA7-6D6D8EE13B3C}.Release PNA|Windows Mobile 5.0 Pocket PC SDK (ARMV4I).ActiveCfg = Release SP|Windows Mobile 5.0 Smartphone SDK (ARMV4I)
		{10816553-31F1-4EA9-BBA7-6D6D8EE13B3C}.Release PNA|Windows Mobile 5.0 Smartphone SDK (ARMV4I).ActiveCfg = Release SP|Windows Mobile 5.0 Smartphone SDK (ARMV4I)
		{10816553-31F1-4EA9-BBA7-6D6D8EE13B3C}.Release PNA|Windows Mobile 5.0 Smartphone SDK (ARMV4I).Build.0 = Release SP|Windows Mobile 5.0 Smartphone SDK (ARMV4I)
		{10816553-31F1-4EA9-BBA7-6D6D8EE13B3C}.Release PNA|Windows Mobile 5.0 Smartphone SDK (ARMV4I).Deploy.0 = Release SP|Windows Mobile 5.0 Smartphone SDK (ARMV4I)
		{10816553-31F1-4EA9-BBA7-6D6D8EE13B3C}.Release SP jwz|Pocket PC 2003 (ARMV4).ActiveCfg = Release SP|Windows Mobile 5.0 Smartphone SDK (ARMV4I)
		{10816553-31F1-4EA9-BBA7-6D6D8EE13B3C}.Release SP jwz|Smartphone 2003 (ARMV4).ActiveCfg = Release SP|Windows Mobile 5.0 Smartphone SDK (ARMV4I)
		{10816553-31F1-4EA9-BBA7-6D6D8EE13B3C}.Release SP jwz|Windows Mobile 5.0 Pocket PC SDK (ARMV4I).ActiveCfg = Release SP|Windows Mobile 5.0 Smartphone SDK (ARMV4I)
		{10816553-31F1-4EA9-BBA7-6D6D8EE13B3C}.Release SP jwz|Windows Mobile 5.0 Smartphone SDK (ARMV4I).ActiveCfg = Release SP|Windows Mobile 5.0 Smartphone SDK (ARMV4I)
		{10816553-31F1-4EA9-BBA7-6D6D8EE13B3C}.Release SP jwz|Windows Mobile 5.0 Smartphone SDK (ARMV4I).Build.0 = Release SP|Windows Mobile 5.0 Smartphone SDK (ARMV4I)
		{10816553-31F1-4EA9-BBA7-6D6D8EE13B3C}.Release SP jwz|Windows Mobile 5.0 Smartphone SDK (ARMV4I).Deploy.0 = Release SP|Windows Mobile 5.0 Smartphone SDK (ARMV4I)
		{10816553-31F1-4EA9-BBA7-6D6D8EE13B3C}.Release SP|Pocket PC 2003 (ARMV4).ActiveCfg = Release SP|Pocket PC 2003 (ARMV4)
		{10816553-31F1-4EA9-BBA7-6D6D8EE13B3C}.Release SP|Pocket PC 2003 (ARMV4).Build.0 = Release SP|Pocket PC 2003 (ARMV4)
		{10816553-31F1-4EA9-BBA7-6D6D8EE13B3C}.Release SP|Pocket PC 2003 (ARMV4).Deploy.0 = Release SP|Pocket PC 2003 (ARMV4)
		{10816553-31F1-4EA9-BBA7-6D6D8EE13B3C}.Release SP|Smartphone 2003 (ARMV4).ActiveCfg = Release SP|Smartphone 2003 (ARMV4)
		{10816553-31F1-4EA9-BBA7-6D6D8EE13B3C}.Release SP|Smartphone 2003 (ARMV4).Build.0 = Release SP|Smartphone 2003 (ARMV4)
		{10816553-31F1-4EA9-BBA7-6D6D8EE13B3C}.Release SP|Smartphone 2003 (ARMV4).Deploy.0 = Release SP|Smartphone 2003 (ARMV4)
		{10816553-31F1-4EA9-BBA7-6D6D8EE13B3C}.Release SP|Windows Mobile 5.0 Pocket PC SDK (ARMV4I).ActiveCfg = Release SP|Windows Mobile 5.0 Pocket PC SDK (ARMV4I)
		{10816553-31F1-4EA9-BBA7-6D6D8EE13B3C}.Release SP|Windows Mobile 5.0 Pocket PC SDK (ARMV4I).Build.0 = Release SP|Windows Mobile 5.0 Pocket PC SDK (ARMV4I)
		{10816553-31F1-4EA9-BBA7-6D6D8EE13B3C}.Release SP|Windows Mobile 5.0 Pocket PC SDK (ARMV4I).Deploy.0 = Release SP|Windows Mobile 5.0 Pocket PC SDK (ARMV4I)
		{10816553-31F1-4EA9-BBA7-6D6D8EE13B3C}.Release SP|Windows Mobile 5.0 Smartphone SDK (ARMV4I).ActiveCfg = Release SP|Windows Mobile 5.0 Smartphone SDK (ARMV4I)
		{10816553-31F1-4EA9-BBA7-6D6D8EE13B3C}.Release SP|Windows Mobile 5.0 Smartphone SDK (ARMV4I).Build.0 = Release SP|Windows Mobile 5.0 Smartphone SDK (ARMV4I)
		{10816553-31F1-4EA9-BBA7-6D6D8EE13B3C}.Release SP|Windows Mobile 5.0 Smartphone SDK (ARMV4I).Deploy.0 = Release SP|Windows Mobile 5.0 Smartphone SDK (ARMV4I)
		{10816553-31F1-4EA9-BBA7-6D6D8EE13B3C}.Release|Pocket PC 2003 (ARMV4).ActiveCfg = Release|Pocket PC 2003 (ARMV4)
		{10816553-31F1-4EA9-BBA7-6D6D8EE13B3C}.Release|Pocket PC 2003 (ARMV4).Build.0 = Release|Pocket PC 2003 (ARMV4)
		{10816553-31F1-4EA9-BBA7-6D6D8EE13B3C}.Release|Pocket PC 2003 (ARMV4).Deploy.0 = Release|Pocket PC 2003 (ARMV4)
		{10816553-31F1-4EA9-BBA7-6D6D8EE13B3C}.Release|Smartphone 2003 (ARMV4).ActiveCfg = Release|Smartphone 2003 (ARMV4)
		{10816553-31F1-4EA9-BBA7-6D6D8EE13B3C}.Release|Smartphone 2003 (ARMV4).Build.0 = Release|Smartphone 2003 (ARMV4)
		{10816553-31F1-4EA9-BBA7-6D6D8EE13B3C}.Release|Smartphone 2003 (ARMV4).Deploy.0 = Release|Smartphone 2003 (ARMV4)
		{10816553-31F1-4EA9-BBA7-6D6D8EE13B3C}.Release|Windows Mobile 5.0 Pocket PC SDK (ARMV4I).ActiveCfg = Release|Windows Mobile 5.0 Pocket PC SDK (ARMV4I)
		{10816553-31F1-4EA9-BBA7-6D6D8EE13B3C}.Release|Windows Mobile 5.0 Pocket PC SDK (ARMV4I).Build.0 = Release|Windows Mobile 5.0 Pocket PC SDK (ARMV4I)
		{10816553-31F1-4EA9-BBA7-6D6D8EE13B3C}.Release|Windows Mobile 5.0 Pocket PC SDK (ARMV4I).Deploy.0 = Release|Windows Mobile 5.0 Pocket PC SDK (ARMV4I)
		{10816553-31F1-4EA9-BBA7-6D6D8EE13B3C}.Release|Windows Mobile 5.0 Smartphone SDK (ARMV4I).ActiveCfg = Release|Windows Mobile 5.0 Smartphone SDK (ARMV4I)
		{10816553-31F1-4EA9-BBA7-6D6D8EE13B3C}.Release|Windows Mobile 5.0 Smartphone SDK (ARMV4I).Build.0 = Release|Windows Mobile 5.0 Smartphone SDK (ARMV4I)
		{10816553-31F1-4EA9-BBA7-6D6D8EE13B3C}.Release|Windows Mobile 5.0 Smartphone SDK (ARMV4I).Deploy.0 = Release|Windows Mobile 5.0 Smartphone SDK (ARMV4I)
	EndGlobalSection
	GlobalSection(SolutionProperties) = preSolution
		HideSolutionNode = FALSE
	EndGlobalSection
EndGlobal
